// !$*UTF8*$!
{
	archiveVersion = 1;
	classes = {
	};
	objectVersion = 56;
	objects = {

/* Begin PBXBuildFile section */
		CE458F652A6C001E0032CBDF /* AppDelegate.swift in Sources */ = {isa = PBXBuildFile; fileRef = CE458F642A6C001E0032CBDF /* AppDelegate.swift */; };
		CE458F672A6C001E0032CBDF /* SceneDelegate.swift in Sources */ = {isa = PBXBuildFile; fileRef = CE458F662A6C001E0032CBDF /* SceneDelegate.swift */; };
		CE458F692A6C001E0032CBDF /* ViewController.swift in Sources */ = {isa = PBXBuildFile; fileRef = CE458F682A6C001E0032CBDF /* ViewController.swift */; };
		CE458F6C2A6C001E0032CBDF /* Main.storyboard in Resources */ = {isa = PBXBuildFile; fileRef = CE458F6A2A6C001E0032CBDF /* Main.storyboard */; };
		CE458F6E2A6C00200032CBDF /* Assets.xcassets in Resources */ = {isa = PBXBuildFile; fileRef = CE458F6D2A6C00200032CBDF /* Assets.xcassets */; };
		CE458F712A6C00200032CBDF /* LaunchScreen.storyboard in Resources */ = {isa = PBXBuildFile; fileRef = CE458F6F2A6C00200032CBDF /* LaunchScreen.storyboard */; };
		CE458F792A6C09770032CBDF /* ImageRepository.swift in Sources */ = {isa = PBXBuildFile; fileRef = CE458F782A6C09770032CBDF /* ImageRepository.swift */; };
		CE458F7B2A6C09890032CBDF /* ViewModel.swift in Sources */ = {isa = PBXBuildFile; fileRef = CE458F7A2A6C09890032CBDF /* ViewModel.swift */; };
		CE458F7E2A6C09A50032CBDF /* RxCocoa in Frameworks */ = {isa = PBXBuildFile; productRef = CE458F7D2A6C09A50032CBDF /* RxCocoa */; };
		CE458F802A6C09A50032CBDF /* RxSwift in Frameworks */ = {isa = PBXBuildFile; productRef = CE458F7F2A6C09A50032CBDF /* RxSwift */; };
		CE458F822A6C09F40032CBDF /* ImageInformation.swift in Sources */ = {isa = PBXBuildFile; fileRef = CE458F812A6C09F40032CBDF /* ImageInformation.swift */; };
		CE458F842A6C15BD0032CBDF /* Sequence+Extension.swift in Sources */ = {isa = PBXBuildFile; fileRef = CE458F832A6C15BD0032CBDF /* Sequence+Extension.swift */; };
/* End PBXBuildFile section */

/* Begin PBXFileReference section */
		CE458F612A6C001E0032CBDF /* Infinite Carousel.app */ = {isa = PBXFileReference; explicitFileType = wrapper.application; includeInIndex = 0; path = "Infinite Carousel.app"; sourceTree = BUILT_PRODUCTS_DIR; };
		CE458F642A6C001E0032CBDF /* AppDelegate.swift */ = {isa = PBXFileReference; lastKnownFileType = sourcecode.swift; path = AppDelegate.swift; sourceTree = "<group>"; };
		CE458F662A6C001E0032CBDF /* SceneDelegate.swift */ = {isa = PBXFileReference; lastKnownFileType = sourcecode.swift; path = SceneDelegate.swift; sourceTree = "<group>"; };
		CE458F682A6C001E0032CBDF /* ViewController.swift */ = {isa = PBXFileReference; lastKnownFileType = sourcecode.swift; path = ViewController.swift; sourceTree = "<group>"; };
		CE458F6B2A6C001E0032CBDF /* Base */ = {isa = PBXFileReference; lastKnownFileType = file.storyboard; name = Base; path = Base.lproj/Main.storyboard; sourceTree = "<group>"; };
		CE458F6D2A6C00200032CBDF /* Assets.xcassets */ = {isa = PBXFileReference; lastKnownFileType = folder.assetcatalog; path = Assets.xcassets; sourceTree = "<group>"; };
		CE458F702A6C00200032CBDF /* Base */ = {isa = PBXFileReference; lastKnownFileType = file.storyboard; name = Base; path = Base.lproj/LaunchScreen.storyboard; sourceTree = "<group>"; };
		CE458F722A6C00200032CBDF /* Info.plist */ = {isa = PBXFileReference; lastKnownFileType = text.plist.xml; path = Info.plist; sourceTree = "<group>"; };
		CE458F782A6C09770032CBDF /* ImageRepository.swift */ = {isa = PBXFileReference; lastKnownFileType = sourcecode.swift; path = ImageRepository.swift; sourceTree = "<group>"; };
		CE458F7A2A6C09890032CBDF /* ViewModel.swift */ = {isa = PBXFileReference; lastKnownFileType = sourcecode.swift; path = ViewModel.swift; sourceTree = "<group>"; };
		CE458F812A6C09F40032CBDF /* ImageInformation.swift */ = {isa = PBXFileReference; lastKnownFileType = sourcecode.swift; path = ImageInformation.swift; sourceTree = "<group>"; };
		CE458F832A6C15BD0032CBDF /* Sequence+Extension.swift */ = {isa = PBXFileReference; lastKnownFileType = sourcecode.swift; path = "Sequence+Extension.swift"; sourceTree = "<group>"; };
/* End PBXFileReference section */

/* Begin PBXFrameworksBuildPhase section */
		CE458F5E2A6C001E0032CBDF /* Frameworks */ = {
			isa = PBXFrameworksBuildPhase;
			buildActionMask = 2147483647;
			files = (
				CE458F802A6C09A50032CBDF /* RxSwift in Frameworks */,
				CE458F7E2A6C09A50032CBDF /* RxCocoa in Frameworks */,
			);
			runOnlyForDeploymentPostprocessing = 0;
		};
/* End PBXFrameworksBuildPhase section */

/* Begin PBXGroup section */
		CE458F582A6C001E0032CBDF = {
			isa = PBXGroup;
			children = (
				CE458F632A6C001E0032CBDF /* Infinite Carousel */,
				CE458F622A6C001E0032CBDF /* Products */,
			);
			sourceTree = "<group>";
		};
		CE458F622A6C001E0032CBDF /* Products */ = {
			isa = PBXGroup;
			children = (
				CE458F612A6C001E0032CBDF /* Infinite Carousel.app */,
			);
			name = Products;
			sourceTree = "<group>";
		};
		CE458F632A6C001E0032CBDF /* Infinite Carousel */ = {
			isa = PBXGroup;
			children = (
				CE458F782A6C09770032CBDF /* ImageRepository.swift */,
				CE458F832A6C15BD0032CBDF /* Sequence+Extension.swift */,
				CE458F812A6C09F40032CBDF /* ImageInformation.swift */,
				CE458F642A6C001E0032CBDF /* AppDelegate.swift */,
				CE458F662A6C001E0032CBDF /* SceneDelegate.swift */,
				CE458F682A6C001E0032CBDF /* ViewController.swift */,
				CE458F7A2A6C09890032CBDF /* ViewModel.swift */,
				CE458F6A2A6C001E0032CBDF /* Main.storyboard */,
				CE458F6D2A6C00200032CBDF /* Assets.xcassets */,
				CE458F6F2A6C00200032CBDF /* LaunchScreen.storyboard */,
				CE458F722A6C00200032CBDF /* Info.plist */,
			);
			path = "Infinite Carousel";
			sourceTree = "<group>";
		};
/* End PBXGroup section */

/* Begin PBXNativeTarget section */
		CE458F602A6C001E0032CBDF /* Infinite Carousel */ = {
			isa = PBXNativeTarget;
			buildConfigurationList = CE458F752A6C00200032CBDF /* Build configuration list for PBXNativeTarget "Infinite Carousel" */;
			buildPhases = (
				CE458F5D2A6C001E0032CBDF /* Sources */,
				CE458F5E2A6C001E0032CBDF /* Frameworks */,
				CE458F5F2A6C001E0032CBDF /* Resources */,
			);
			buildRules = (
			);
			dependencies = (
			);
			name = "Infinite Carousel";
			packageProductDependencies = (
				CE458F7D2A6C09A50032CBDF /* RxCocoa */,
				CE458F7F2A6C09A50032CBDF /* RxSwift */,
			);
			productName = "Infinite Carousel";
			productReference = CE458F612A6C001E0032CBDF /* Infinite Carousel.app */;
			productType = "com.apple.product-type.application";
		};
/* End PBXNativeTarget section */

/* Begin PBXProject section */
		CE458F592A6C001E0032CBDF /* Project object */ = {
			isa = PBXProject;
			attributes = {
				BuildIndependentTargetsInParallel = 1;
				LastSwiftUpdateCheck = 1430;
				LastUpgradeCheck = 1430;
				TargetAttributes = {
					CE458F602A6C001E0032CBDF = {
						CreatedOnToolsVersion = 14.3;
					};
				};
			};
			buildConfigurationList = CE458F5C2A6C001E0032CBDF /* Build configuration list for PBXProject "Infinite Carousel" */;
			compatibilityVersion = "Xcode 14.0";
			developmentRegion = en;
			hasScannedForEncodings = 0;
			knownRegions = (
				en,
				Base,
			);
			mainGroup = CE458F582A6C001E0032CBDF;
			packageReferences = (
				CE458F7C2A6C09A50032CBDF /* XCRemoteSwiftPackageReference "RxSwift" */,
			);
			productRefGroup = CE458F622A6C001E0032CBDF /* Products */;
			projectDirPath = "";
			projectRoot = "";
			targets = (
				CE458F602A6C001E0032CBDF /* Infinite Carousel */,
			);
		};
/* End PBXProject section */

/* Begin PBXResourcesBuildPhase section */
		CE458F5F2A6C001E0032CBDF /* Resources */ = {
			isa = PBXResourcesBuildPhase;
			buildActionMask = 2147483647;
			files = (
				CE458F712A6C00200032CBDF /* LaunchScreen.storyboard in Resources */,
				CE458F6E2A6C00200032CBDF /* Assets.xcassets in Resources */,
				CE458F6C2A6C001E0032CBDF /* Main.storyboard in Resources */,
			);
			runOnlyForDeploymentPostprocessing = 0;
		};
/* End PBXResourcesBuildPhase section */

/* Begin PBXSourcesBuildPhase section */
		CE458F5D2A6C001E0032CBDF /* Sources */ = {
			isa = PBXSourcesBuildPhase;
			buildActionMask = 2147483647;
			files = (
				CE458F7B2A6C09890032CBDF /* ViewModel.swift in Sources */,
				CE458F692A6C001E0032CBDF /* ViewController.swift in Sources */,
				CE458F652A6C001E0032CBDF /* AppDelegate.swift in Sources */,
				CE458F672A6C001E0032CBDF /* SceneDelegate.swift in Sources */,
				CE458F842A6C15BD0032CBDF /* Sequence+Extension.swift in Sources */,
				CE458F792A6C09770032CBDF /* ImageRepository.swift in Sources */,
				CE458F822A6C09F40032CBDF /* ImageInformation.swift in Sources */,
			);
			runOnlyForDeploymentPostprocessing = 0;
		};
/* End PBXSourcesBuildPhase section */

/* Begin PBXVariantGroup section */
		CE458F6A2A6C001E0032CBDF /* Main.storyboard */ = {
			isa = PBXVariantGroup;
			children = (
				CE458F6B2A6C001E0032CBDF /* Base */,
			);
			name = Main.storyboard;
			sourceTree = "<group>";
		};
		CE458F6F2A6C00200032CBDF /* LaunchScreen.storyboard */ = {
			isa = PBXVariantGroup;
			children = (
				CE458F702A6C00200032CBDF /* Base */,
			);
			name = LaunchScreen.storyboard;
			sourceTree = "<group>";
		};
/* End PBXVariantGroup section */

/* Begin XCBuildConfiguration section */
		CE458F732A6C00200032CBDF /* Debug */ = {
			isa = XCBuildConfiguration;
			buildSettings = {
				ALWAYS_SEARCH_USER_PATHS = NO;
				CLANG_ANALYZER_NONNULL = YES;
				CLANG_ANALYZER_NUMBER_OBJECT_CONVERSION = YES_AGGRESSIVE;
				CLANG_CXX_LANGUAGE_STANDARD = "gnu++20";
				CLANG_ENABLE_MODULES = YES;
				CLANG_ENABLE_OBJC_ARC = YES;
				CLANG_ENABLE_OBJC_WEAK = YES;
				CLANG_WARN_BLOCK_CAPTURE_AUTORELEASING = YES;
				CLANG_WARN_BOOL_CONVERSION = YES;
				CLANG_WARN_COMMA = YES;
				CLANG_WARN_CONSTANT_CONVERSION = YES;
				CLANG_WARN_DEPRECATED_OBJC_IMPLEMENTATIONS = YES;
				CLANG_WARN_DIRECT_OBJC_ISA_USAGE = YES_ERROR;
				CLANG_WARN_DOCUMENTATION_COMMENTS = YES;
				CLANG_WARN_EMPTY_BODY = YES;
				CLANG_WARN_ENUM_CONVERSION = YES;
				CLANG_WARN_INFINITE_RECURSION = YES;
				CLANG_WARN_INT_CONVERSION = YES;
				CLANG_WARN_NON_LITERAL_NULL_CONVERSION = YES;
				CLANG_WARN_OBJC_IMPLICIT_RETAIN_SELF = YES;
				CLANG_WARN_OBJC_LITERAL_CONVERSION = YES;
				CLANG_WARN_OBJC_ROOT_CLASS = YES_ERROR;
				CLANG_WARN_QUOTED_INCLUDE_IN_FRAMEWORK_HEADER = YES;
				CLANG_WARN_RANGE_LOOP_ANALYSIS = YES;
				CLANG_WARN_STRICT_PROTOTYPES = YES;
				CLANG_WARN_SUSPICIOUS_MOVE = YES;
				CLANG_WARN_UNGUARDED_AVAILABILITY = YES_AGGRESSIVE;
				CLANG_WARN_UNREACHABLE_CODE = YES;
				CLANG_WARN__DUPLICATE_METHOD_MATCH = YES;
				COPY_PHASE_STRIP = NO;
				DEBUG_INFORMATION_FORMAT = dwarf;
				ENABLE_STRICT_OBJC_MSGSEND = YES;
				ENABLE_TESTABILITY = YES;
				GCC_C_LANGUAGE_STANDARD = gnu11;
				GCC_DYNAMIC_NO_PIC = NO;
				GCC_NO_COMMON_BLOCKS = YES;
				GCC_OPTIMIZATION_LEVEL = 0;
				GCC_PREPROCESSOR_DEFINITIONS = (
					"DEBUG=1",
					"$(inherited)",
				);
				GCC_WARN_64_TO_32_BIT_CONVERSION = YES;
				GCC_WARN_ABOUT_RETURN_TYPE = YES_ERROR;
				GCC_WARN_UNDECLARED_SELECTOR = YES;
				GCC_WARN_UNINITIALIZED_AUTOS = YES_AGGRESSIVE;
				GCC_WARN_UNUSED_FUNCTION = YES;
				GCC_WARN_UNUSED_VARIABLE = YES;
				IPHONEOS_DEPLOYMENT_TARGET = 16.4;
				MTL_ENABLE_DEBUG_INFO = INCLUDE_SOURCE;
				MTL_FAST_MATH = YES;
				ONLY_ACTIVE_ARCH = YES;
				SDKROOT = iphoneos;
				SWIFT_ACTIVE_COMPILATION_CONDITIONS = DEBUG;
				SWIFT_OPTIMIZATION_LEVEL = "-Onone";
			};
			name = Debug;
		};
		CE458F742A6C00200032CBDF /* Release */ = {
			isa = XCBuildConfiguration;
			buildSettings = {
				ALWAYS_SEARCH_USER_PATHS = NO;
				CLANG_ANALYZER_NONNULL = YES;
				CLANG_ANALYZER_NUMBER_OBJECT_CONVERSION = YES_AGGRESSIVE;
				CLANG_CXX_LANGUAGE_STANDARD = "gnu++20";
				CLANG_ENABLE_MODULES = YES;
				CLANG_ENABLE_OBJC_ARC = YES;
				CLANG_ENABLE_OBJC_WEAK = YES;
				CLANG_WARN_BLOCK_CAPTURE_AUTORELEASING = YES;
				CLANG_WARN_BOOL_CONVERSION = YES;
				CLANG_WARN_COMMA = YES;
				CLANG_WARN_CONSTANT_CONVERSION = YES;
				CLANG_WARN_DEPRECATED_OBJC_IMPLEMENTATIONS = YES;
				CLANG_WARN_DIRECT_OBJC_ISA_USAGE = YES_ERROR;
				CLANG_WARN_DOCUMENTATION_COMMENTS = YES;
				CLANG_WARN_EMPTY_BODY = YES;
				CLANG_WARN_ENUM_CONVERSION = YES;
				CLANG_WARN_INFINITE_RECURSION = YES;
				CLANG_WARN_INT_CONVERSION = YES;
				CLANG_WARN_NON_LITERAL_NULL_CONVERSION = YES;
				CLANG_WARN_OBJC_IMPLICIT_RETAIN_SELF = YES;
				CLANG_WARN_OBJC_LITERAL_CONVERSION = YES;
				CLANG_WARN_OBJC_ROOT_CLASS = YES_ERROR;
				CLANG_WARN_QUOTED_INCLUDE_IN_FRAMEWORK_HEADER = YES;
				CLANG_WARN_RANGE_LOOP_ANALYSIS = YES;
				CLANG_WARN_STRICT_PROTOTYPES = YES;
				CLANG_WARN_SUSPICIOUS_MOVE = YES;
				CLANG_WARN_UNGUARDED_AVAILABILITY = YES_AGGRESSIVE;
				CLANG_WARN_UNREACHABLE_CODE = YES;
				CLANG_WARN__DUPLICATE_METHOD_MATCH = YES;
				COPY_PHASE_STRIP = NO;
				DEBUG_INFORMATION_FORMAT = "dwarf-with-dsym";
				ENABLE_NS_ASSERTIONS = NO;
				ENABLE_STRICT_OBJC_MSGSEND = YES;
				GCC_C_LANGUAGE_STANDARD = gnu11;
				GCC_NO_COMMON_BLOCKS = YES;
				GCC_WARN_64_TO_32_BIT_CONVERSION = YES;
				GCC_WARN_ABOUT_RETURN_TYPE = YES_ERROR;
				GCC_WARN_UNDECLARED_SELECTOR = YES;
				GCC_WARN_UNINITIALIZED_AUTOS = YES_AGGRESSIVE;
				GCC_WARN_UNUSED_FUNCTION = YES;
				GCC_WARN_UNUSED_VARIABLE = YES;
				IPHONEOS_DEPLOYMENT_TARGET = 16.4;
				MTL_ENABLE_DEBUG_INFO = NO;
				MTL_FAST_MATH = YES;
				SDKROOT = iphoneos;
				SWIFT_COMPILATION_MODE = wholemodule;
				SWIFT_OPTIMIZATION_LEVEL = "-O";
				VALIDATE_PRODUCT = YES;
			};
			name = Release;
		};
		CE458F762A6C00200032CBDF /* Debug */ = {
			isa = XCBuildConfiguration;
			buildSettings = {
				ASSETCATALOG_COMPILER_APPICON_NAME = AppIcon;
				ASSETCATALOG_COMPILER_GLOBAL_ACCENT_COLOR_NAME = AccentColor;
				CODE_SIGN_STYLE = Automatic;
				CURRENT_PROJECT_VERSION = 1;
				GENERATE_INFOPLIST_FILE = YES;
				INFOPLIST_FILE = "Infinite Carousel/Info.plist";
				INFOPLIST_KEY_UIApplicationSupportsIndirectInputEvents = YES;
				INFOPLIST_KEY_UILaunchStoryboardName = LaunchScreen;
				INFOPLIST_KEY_UIMainStoryboardFile = Main;
				INFOPLIST_KEY_UISupportedInterfaceOrientations_iPad = "UIInterfaceOrientationPortrait UIInterfaceOrientationPortraitUpsideDown UIInterfaceOrientationLandscapeLeft UIInterfaceOrientationLandscapeRight";
				INFOPLIST_KEY_UISupportedInterfaceOrientations_iPhone = "UIInterfaceOrientationPortrait UIInterfaceOrientationLandscapeLeft UIInterfaceOrientationLandscapeRight";
				LD_RUNPATH_SEARCH_PATHS = (
					"$(inherited)",
					"@executable_path/Frameworks",
				);
				MARKETING_VERSION = 1.0;
				PRODUCT_BUNDLE_IDENTIFIER = "com.Infinite-Carousel";
				PRODUCT_NAME = "$(TARGET_NAME)";
				SWIFT_EMIT_LOC_STRINGS = YES;
				SWIFT_VERSION = 5.0;
				TARGETED_DEVICE_FAMILY = "1,2";
			};
			name = Debug;
		};
		CE458F772A6C00200032CBDF /* Release */ = {
			isa = XCBuildConfiguration;
			buildSettings = {
				ASSETCATALOG_COMPILER_APPICON_NAME = AppIcon;
				ASSETCATALOG_COMPILER_GLOBAL_ACCENT_COLOR_NAME = AccentColor;
				CODE_SIGN_STYLE = Automatic;
				CURRENT_PROJECT_VERSION = 1;
				GENERATE_INFOPLIST_FILE = YES;
				INFOPLIST_FILE = "Infinite Carousel/Info.plist";
				INFOPLIST_KEY_UIApplicationSupportsIndirectInputEvents = YES;
				INFOPLIST_KEY_UILaunchStoryboardName = LaunchScreen;
				INFOPLIST_KEY_UIMainStoryboardFile = Main;
				INFOPLIST_KEY_UISupportedInterfaceOrientations_iPad = "UIInterfaceOrientationPortrait UIInterfaceOrientationPortraitUpsideDown UIInterfaceOrientationLandscapeLeft UIInterfaceOrientationLandscapeRight";
				INFOPLIST_KEY_UISupportedInterfaceOrientations_iPhone = "UIInterfaceOrientationPortrait UIInterfaceOrientationLandscapeLeft UIInterfaceOrientationLandscapeRight";
				LD_RUNPATH_SEARCH_PATHS = (
					"$(inherited)",
					"@executable_path/Frameworks",
				);
				MARKETING_VERSION = 1.0;
				PRODUCT_BUNDLE_IDENTIFIER = "com.Infinite-Carousel";
				PRODUCT_NAME = "$(TARGET_NAME)";
				SWIFT_EMIT_LOC_STRINGS = YES;
				SWIFT_VERSION = 5.0;
				TARGETED_DEVICE_FAMILY = "1,2";
			};
			name = Release;
		};
/* End XCBuildConfiguration section */

/* Begin XCConfigurationList section */
		CE458F5C2A6C001E0032CBDF /* Build configuration list for PBXProject "Infinite Carousel" */ = {
			isa = XCConfigurationList;
			buildConfigurations = (
				CE458F732A6C00200032CBDF /* Debug */,
				CE458F742A6C00200032CBDF /* Release */,
			);
			defaultConfigurationIsVisible = 0;
			defaultConfigurationName = Release;
		};
		CE458F752A6C00200032CBDF /* Build configuration list for PBXNativeTarget "Infinite Carousel" */ = {
			isa = XCConfigurationList;
			buildConfigurations = (
				CE458F762A6C00200032CBDF /* Debug */,
				CE458F772A6C00200032CBDF /* Release */,
			);
			defaultConfigurationIsVisible = 0;
			defaultConfigurationName = Release;
		};
/* End XCConfigurationList section */

/* Begin XCRemoteSwiftPackageReference section */
		CE458F7C2A6C09A50032CBDF /* XCRemoteSwiftPackageReference "RxSwift" */ = {
			isa = XCRemoteSwiftPackageReference;
			repositoryURL = "https://github.com/ReactiveX/RxSwift.git";
			requirement = {
				kind = upToNextMajorVersion;
				minimumVersion = 6.0.0;
			};
		};
/* End XCRemoteSwiftPackageReference section */

/* Begin XCSwiftPackageProductDependency section */
		CE458F7D2A6C09A50032CBDF /* RxCocoa */ = {
			isa = XCSwiftPackageProductDependency;
			package = CE458F7C2A6C09A50032CBDF /* XCRemoteSwiftPackageReference "RxSwift" */;
			productName = RxCocoa;
		};
		CE458F7F2A6C09A50032CBDF /* RxSwift */ = {
			isa = XCSwiftPackageProductDependency;
			package = CE458F7C2A6C09A50032CBDF /* XCRemoteSwiftPackageReference "RxSwift" */;
			productName = RxSwift;
		};
/* End XCSwiftPackageProductDependency section */
	};
	rootObject = CE458F592A6C001E0032CBDF /* Project object */;
}
