// !$*UTF8*$!
{
	archiveVersion = 1;
	classes = {
	};
	objectVersion = 56;
	objects = {

/* Begin PBXBuildFile section */
		FEA1A33A2B90513700CE3BDD /* AppDelegate.swift in Sources */ = {isa = PBXBuildFile; fileRef = FEA1A3392B90513700CE3BDD /* AppDelegate.swift */; };
		FEA1A33C2B90513700CE3BDD /* SceneDelegate.swift in Sources */ = {isa = PBXBuildFile; fileRef = FEA1A33B2B90513700CE3BDD /* SceneDelegate.swift */; };
		FEA1A33E2B90513700CE3BDD /* MainViewController.swift in Sources */ = {isa = PBXBuildFile; fileRef = FEA1A33D2B90513700CE3BDD /* MainViewController.swift */; };
		FEA1A3432B90513900CE3BDD /* Assets.xcassets in Resources */ = {isa = PBXBuildFile; fileRef = FEA1A3422B90513900CE3BDD /* Assets.xcassets */; };
		FEA1A3462B90513900CE3BDD /* LaunchScreen.storyboard in Resources */ = {isa = PBXBuildFile; fileRef = FEA1A3442B90513900CE3BDD /* LaunchScreen.storyboard */; };
		FEA1A34F2B90935100CE3BDD /* SnapKit in Frameworks */ = {isa = PBXBuildFile; productRef = FEA1A34E2B90935100CE3BDD /* SnapKit */; };
		FEA1A3512B90959400CE3BDD /* MoveViewController.swift in Sources */ = {isa = PBXBuildFile; fileRef = FEA1A3502B90959400CE3BDD /* MoveViewController.swift */; };
		FEA1A3532B9095CF00CE3BDD /* ScaleViewController.swift in Sources */ = {isa = PBXBuildFile; fileRef = FEA1A3522B9095CF00CE3BDD /* ScaleViewController.swift */; };
		FEA1A3572B90B6F000CE3BDD /* AnimationButton.swift in Sources */ = {isa = PBXBuildFile; fileRef = FEA1A3562B90B6F000CE3BDD /* AnimationButton.swift */; };
		FEA1A3612B937D5400CE3BDD /* RotateViewController.swift in Sources */ = {isa = PBXBuildFile; fileRef = FEA1A3602B937D5400CE3BDD /* RotateViewController.swift */; };
		FEA1A3632B93807700CE3BDD /* ShakeViewController.swift in Sources */ = {isa = PBXBuildFile; fileRef = FEA1A3622B93807700CE3BDD /* ShakeViewController.swift */; };
		FEA1A3652B938DB200CE3BDD /* CirclingViewController.swift in Sources */ = {isa = PBXBuildFile; fileRef = FEA1A3642B938DB200CE3BDD /* CirclingViewController.swift */; };
		FEA1A3672B9415C000CE3BDD /* NotificationViewContoller.swift in Sources */ = {isa = PBXBuildFile; fileRef = FEA1A3662B9415C000CE3BDD /* NotificationViewContoller.swift */; };
/* End PBXBuildFile section */

/* Begin PBXFileReference section */
		FEA1A3362B90513700CE3BDD /* CoreAnimationEx.app */ = {isa = PBXFileReference; explicitFileType = wrapper.application; includeInIndex = 0; path = CoreAnimationEx.app; sourceTree = BUILT_PRODUCTS_DIR; };
		FEA1A3392B90513700CE3BDD /* AppDelegate.swift */ = {isa = PBXFileReference; lastKnownFileType = sourcecode.swift; path = AppDelegate.swift; sourceTree = "<group>"; };
		FEA1A33B2B90513700CE3BDD /* SceneDelegate.swift */ = {isa = PBXFileReference; lastKnownFileType = sourcecode.swift; path = SceneDelegate.swift; sourceTree = "<group>"; };
		FEA1A33D2B90513700CE3BDD /* MainViewController.swift */ = {isa = PBXFileReference; lastKnownFileType = sourcecode.swift; path = MainViewController.swift; sourceTree = "<group>"; };
		FEA1A3422B90513900CE3BDD /* Assets.xcassets */ = {isa = PBXFileReference; lastKnownFileType = folder.assetcatalog; path = Assets.xcassets; sourceTree = "<group>"; };
		FEA1A3452B90513900CE3BDD /* Base */ = {isa = PBXFileReference; lastKnownFileType = file.storyboard; name = Base; path = Base.lproj/LaunchScreen.storyboard; sourceTree = "<group>"; };
		FEA1A3472B90513900CE3BDD /* Info.plist */ = {isa = PBXFileReference; lastKnownFileType = text.plist.xml; path = Info.plist; sourceTree = "<group>"; };
		FEA1A3502B90959400CE3BDD /* MoveViewController.swift */ = {isa = PBXFileReference; lastKnownFileType = sourcecode.swift; path = MoveViewController.swift; sourceTree = "<group>"; };
		FEA1A3522B9095CF00CE3BDD /* ScaleViewController.swift */ = {isa = PBXFileReference; lastKnownFileType = sourcecode.swift; path = ScaleViewController.swift; sourceTree = "<group>"; };
		FEA1A3562B90B6F000CE3BDD /* AnimationButton.swift */ = {isa = PBXFileReference; lastKnownFileType = sourcecode.swift; path = AnimationButton.swift; sourceTree = "<group>"; };
		FEA1A3602B937D5400CE3BDD /* RotateViewController.swift */ = {isa = PBXFileReference; lastKnownFileType = sourcecode.swift; path = RotateViewController.swift; sourceTree = "<group>"; };
		FEA1A3622B93807700CE3BDD /* ShakeViewController.swift */ = {isa = PBXFileReference; lastKnownFileType = sourcecode.swift; path = ShakeViewController.swift; sourceTree = "<group>"; };
		FEA1A3642B938DB200CE3BDD /* CirclingViewController.swift */ = {isa = PBXFileReference; lastKnownFileType = sourcecode.swift; path = CirclingViewController.swift; sourceTree = "<group>"; };
		FEA1A3662B9415C000CE3BDD /* NotificationViewContoller.swift */ = {isa = PBXFileReference; lastKnownFileType = sourcecode.swift; path = NotificationViewContoller.swift; sourceTree = "<group>"; };
/* End PBXFileReference section */

/* Begin PBXFrameworksBuildPhase section */
		FEA1A3332B90513700CE3BDD /* Frameworks */ = {
			isa = PBXFrameworksBuildPhase;
			buildActionMask = 2147483647;
			files = (
				FEA1A34F2B90935100CE3BDD /* SnapKit in Frameworks */,
			);
			runOnlyForDeploymentPostprocessing = 0;
		};
/* End PBXFrameworksBuildPhase section */

/* Begin PBXGroup section */
		FEA1A32D2B90513700CE3BDD = {
			isa = PBXGroup;
			children = (
				FEA1A3382B90513700CE3BDD /* CoreAnimationEx */,
				FEA1A3372B90513700CE3BDD /* Products */,
			);
			sourceTree = "<group>";
		};
		FEA1A3372B90513700CE3BDD /* Products */ = {
			isa = PBXGroup;
			children = (
				FEA1A3362B90513700CE3BDD /* CoreAnimationEx.app */,
			);
			name = Products;
			sourceTree = "<group>";
		};
		FEA1A3382B90513700CE3BDD /* CoreAnimationEx */ = {
			isa = PBXGroup;
			children = (
				FEA1A3392B90513700CE3BDD /* AppDelegate.swift */,
				FEA1A33B2B90513700CE3BDD /* SceneDelegate.swift */,
				FEA1A33D2B90513700CE3BDD /* MainViewController.swift */,
				FEA1A3542B9095F600CE3BDD /* AnimationViewController */,
				FEA1A3422B90513900CE3BDD /* Assets.xcassets */,
				FEA1A3442B90513900CE3BDD /* LaunchScreen.storyboard */,
				FEA1A3472B90513900CE3BDD /* Info.plist */,
			);
			path = CoreAnimationEx;
			sourceTree = "<group>";
		};
		FEA1A3542B9095F600CE3BDD /* AnimationViewController */ = {
			isa = PBXGroup;
			children = (
				FEA1A3552B909B6C00CE3BDD /* Views */,
				FEA1A3502B90959400CE3BDD /* MoveViewController.swift */,
				FEA1A3522B9095CF00CE3BDD /* ScaleViewController.swift */,
				FEA1A3602B937D5400CE3BDD /* RotateViewController.swift */,
				FEA1A3622B93807700CE3BDD /* ShakeViewController.swift */,
				FEA1A3642B938DB200CE3BDD /* CirclingViewController.swift */,
				FEA1A3662B9415C000CE3BDD /* NotificationViewContoller.swift */,
			);
			path = AnimationViewController;
			sourceTree = "<group>";
		};
		FEA1A3552B909B6C00CE3BDD /* Views */ = {
			isa = PBXGroup;
			children = (
				FEA1A3562B90B6F000CE3BDD /* AnimationButton.swift */,
			);
			path = Views;
			sourceTree = "<group>";
		};
/* End PBXGroup section */

/* Begin PBXNativeTarget section */
		FEA1A3352B90513700CE3BDD /* CoreAnimationEx */ = {
			isa = PBXNativeTarget;
			buildConfigurationList = FEA1A34A2B90513900CE3BDD /* Build configuration list for PBXNativeTarget "CoreAnimationEx" */;
			buildPhases = (
				FEA1A3322B90513700CE3BDD /* Sources */,
				FEA1A3332B90513700CE3BDD /* Frameworks */,
				FEA1A3342B90513700CE3BDD /* Resources */,
			);
			buildRules = (
			);
			dependencies = (
			);
			name = CoreAnimationEx;
			packageProductDependencies = (
				FEA1A34E2B90935100CE3BDD /* SnapKit */,
			);
			productName = CoreAnimationEx;
			productReference = FEA1A3362B90513700CE3BDD /* CoreAnimationEx.app */;
			productType = "com.apple.product-type.application";
		};
/* End PBXNativeTarget section */

/* Begin PBXProject section */
		FEA1A32E2B90513700CE3BDD /* Project object */ = {
			isa = PBXProject;
			attributes = {
				BuildIndependentTargetsInParallel = 1;
				LastSwiftUpdateCheck = 1500;
				LastUpgradeCheck = 1500;
				TargetAttributes = {
					FEA1A3352B90513700CE3BDD = {
						CreatedOnToolsVersion = 15.0;
					};
				};
			};
			buildConfigurationList = FEA1A3312B90513700CE3BDD /* Build configuration list for PBXProject "CoreAnimationEx" */;
			compatibilityVersion = "Xcode 14.0";
			developmentRegion = en;
			hasScannedForEncodings = 0;
			knownRegions = (
				en,
				Base,
			);
			mainGroup = FEA1A32D2B90513700CE3BDD;
			packageReferences = (
				FEA1A34D2B90935100CE3BDD /* XCRemoteSwiftPackageReference "SnapKit" */,
			);
			productRefGroup = FEA1A3372B90513700CE3BDD /* Products */;
			projectDirPath = "";
			projectRoot = "";
			targets = (
				FEA1A3352B90513700CE3BDD /* CoreAnimationEx */,
			);
		};
/* End PBXProject section */

/* Begin PBXResourcesBuildPhase section */
		FEA1A3342B90513700CE3BDD /* Resources */ = {
			isa = PBXResourcesBuildPhase;
			buildActionMask = 2147483647;
			files = (
				FEA1A3462B90513900CE3BDD /* LaunchScreen.storyboard in Resources */,
				FEA1A3432B90513900CE3BDD /* Assets.xcassets in Resources */,
			);
			runOnlyForDeploymentPostprocessing = 0;
		};
/* End PBXResourcesBuildPhase section */

/* Begin PBXSourcesBuildPhase section */
		FEA1A3322B90513700CE3BDD /* Sources */ = {
			isa = PBXSourcesBuildPhase;
			buildActionMask = 2147483647;
			files = (
				FEA1A3572B90B6F000CE3BDD /* AnimationButton.swift in Sources */,
				FEA1A3652B938DB200CE3BDD /* CirclingViewController.swift in Sources */,
				FEA1A33E2B90513700CE3BDD /* MainViewController.swift in Sources */,
				FEA1A3632B93807700CE3BDD /* ShakeViewController.swift in Sources */,
				FEA1A3532B9095CF00CE3BDD /* ScaleViewController.swift in Sources */,
				FEA1A3512B90959400CE3BDD /* MoveViewController.swift in Sources */,
				FEA1A3672B9415C000CE3BDD /* NotificationViewContoller.swift in Sources */,
				FEA1A33A2B90513700CE3BDD /* AppDelegate.swift in Sources */,
				FEA1A3612B937D5400CE3BDD /* RotateViewController.swift in Sources */,
				FEA1A33C2B90513700CE3BDD /* SceneDelegate.swift in Sources */,
			);
			runOnlyForDeploymentPostprocessing = 0;
		};
/* End PBXSourcesBuildPhase section */

/* Begin PBXVariantGroup section */
		FEA1A3442B90513900CE3BDD /* LaunchScreen.storyboard */ = {
			isa = PBXVariantGroup;
			children = (
				FEA1A3452B90513900CE3BDD /* Base */,
			);
			name = LaunchScreen.storyboard;
			sourceTree = "<group>";
		};
/* End PBXVariantGroup section */

/* Begin XCBuildConfiguration section */
		FEA1A3482B90513900CE3BDD /* Debug */ = {
			isa = XCBuildConfiguration;
			buildSettings = {
				ALWAYS_SEARCH_USER_PATHS = NO;
				ASSETCATALOG_COMPILER_GENERATE_SWIFT_ASSET_SYMBOL_EXTENSIONS = YES;
				CLANG_ANALYZER_NONNULL = YES;
				CLANG_ANALYZER_NUMBER_OBJECT_CONVERSION = YES_AGGRESSIVE;
				CLANG_CXX_LANGUAGE_STANDARD = "gnu++20";
				CLANG_ENABLE_MODULES = YES;
				CLANG_ENABLE_OBJC_ARC = YES;
				CLANG_ENABLE_OBJC_WEAK = YES;
				CLANG_WARN_BLOCK_CAPTURE_AUTORELEASING = YES;
				CLANG_WARN_BOOL_CONVERSION = YES;
				CLANG_WARN_COMMA = YES;
				CLANG_WARN_CONSTANT_CONVERSION = YES;
				CLANG_WARN_DEPRECATED_OBJC_IMPLEMENTATIONS = YES;
				CLANG_WARN_DIRECT_OBJC_ISA_USAGE = YES_ERROR;
				CLANG_WARN_DOCUMENTATION_COMMENTS = YES;
				CLANG_WARN_EMPTY_BODY = YES;
				CLANG_WARN_ENUM_CONVERSION = YES;
				CLANG_WARN_INFINITE_RECURSION = YES;
				CLANG_WARN_INT_CONVERSION = YES;
				CLANG_WARN_NON_LITERAL_NULL_CONVERSION = YES;
				CLANG_WARN_OBJC_IMPLICIT_RETAIN_SELF = YES;
				CLANG_WARN_OBJC_LITERAL_CONVERSION = YES;
				CLANG_WARN_OBJC_ROOT_CLASS = YES_ERROR;
				CLANG_WARN_QUOTED_INCLUDE_IN_FRAMEWORK_HEADER = YES;
				CLANG_WARN_RANGE_LOOP_ANALYSIS = YES;
				CLANG_WARN_STRICT_PROTOTYPES = YES;
				CLANG_WARN_SUSPICIOUS_MOVE = YES;
				CLANG_WARN_UNGUARDED_AVAILABILITY = YES_AGGRESSIVE;
				CLANG_WARN_UNREACHABLE_CODE = YES;
				CLANG_WARN__DUPLICATE_METHOD_MATCH = YES;
				COPY_PHASE_STRIP = NO;
				DEBUG_INFORMATION_FORMAT = dwarf;
				ENABLE_STRICT_OBJC_MSGSEND = YES;
				ENABLE_TESTABILITY = YES;
				ENABLE_USER_SCRIPT_SANDBOXING = YES;
				GCC_C_LANGUAGE_STANDARD = gnu17;
				GCC_DYNAMIC_NO_PIC = NO;
				GCC_NO_COMMON_BLOCKS = YES;
				GCC_OPTIMIZATION_LEVEL = 0;
				GCC_PREPROCESSOR_DEFINITIONS = (
					"DEBUG=1",
					"$(inherited)",
				);
				GCC_WARN_64_TO_32_BIT_CONVERSION = YES;
				GCC_WARN_ABOUT_RETURN_TYPE = YES_ERROR;
				GCC_WARN_UNDECLARED_SELECTOR = YES;
				GCC_WARN_UNINITIALIZED_AUTOS = YES_AGGRESSIVE;
				GCC_WARN_UNUSED_FUNCTION = YES;
				GCC_WARN_UNUSED_VARIABLE = YES;
				IPHONEOS_DEPLOYMENT_TARGET = 17.0;
				LOCALIZATION_PREFERS_STRING_CATALOGS = YES;
				MTL_ENABLE_DEBUG_INFO = INCLUDE_SOURCE;
				MTL_FAST_MATH = YES;
				ONLY_ACTIVE_ARCH = YES;
				SDKROOT = iphoneos;
				SWIFT_ACTIVE_COMPILATION_CONDITIONS = "DEBUG $(inherited)";
				SWIFT_OPTIMIZATION_LEVEL = "-Onone";
			};
			name = Debug;
		};
		FEA1A3492B90513900CE3BDD /* Release */ = {
			isa = XCBuildConfiguration;
			buildSettings = {
				ALWAYS_SEARCH_USER_PATHS = NO;
				ASSETCATALOG_COMPILER_GENERATE_SWIFT_ASSET_SYMBOL_EXTENSIONS = YES;
				CLANG_ANALYZER_NONNULL = YES;
				CLANG_ANALYZER_NUMBER_OBJECT_CONVERSION = YES_AGGRESSIVE;
				CLANG_CXX_LANGUAGE_STANDARD = "gnu++20";
				CLANG_ENABLE_MODULES = YES;
				CLANG_ENABLE_OBJC_ARC = YES;
				CLANG_ENABLE_OBJC_WEAK = YES;
				CLANG_WARN_BLOCK_CAPTURE_AUTORELEASING = YES;
				CLANG_WARN_BOOL_CONVERSION = YES;
				CLANG_WARN_COMMA = YES;
				CLANG_WARN_CONSTANT_CONVERSION = YES;
				CLANG_WARN_DEPRECATED_OBJC_IMPLEMENTATIONS = YES;
				CLANG_WARN_DIRECT_OBJC_ISA_USAGE = YES_ERROR;
				CLANG_WARN_DOCUMENTATION_COMMENTS = YES;
				CLANG_WARN_EMPTY_BODY = YES;
				CLANG_WARN_ENUM_CONVERSION = YES;
				CLANG_WARN_INFINITE_RECURSION = YES;
				CLANG_WARN_INT_CONVERSION = YES;
				CLANG_WARN_NON_LITERAL_NULL_CONVERSION = YES;
				CLANG_WARN_OBJC_IMPLICIT_RETAIN_SELF = YES;
				CLANG_WARN_OBJC_LITERAL_CONVERSION = YES;
				CLANG_WARN_OBJC_ROOT_CLASS = YES_ERROR;
				CLANG_WARN_QUOTED_INCLUDE_IN_FRAMEWORK_HEADER = YES;
				CLANG_WARN_RANGE_LOOP_ANALYSIS = YES;
				CLANG_WARN_STRICT_PROTOTYPES = YES;
				CLANG_WARN_SUSPICIOUS_MOVE = YES;
				CLANG_WARN_UNGUARDED_AVAILABILITY = YES_AGGRESSIVE;
				CLANG_WARN_UNREACHABLE_CODE = YES;
				CLANG_WARN__DUPLICATE_METHOD_MATCH = YES;
				COPY_PHASE_STRIP = NO;
				DEBUG_INFORMATION_FORMAT = "dwarf-with-dsym";
				ENABLE_NS_ASSERTIONS = NO;
				ENABLE_STRICT_OBJC_MSGSEND = YES;
				ENABLE_USER_SCRIPT_SANDBOXING = YES;
				GCC_C_LANGUAGE_STANDARD = gnu17;
				GCC_NO_COMMON_BLOCKS = YES;
				GCC_WARN_64_TO_32_BIT_CONVERSION = YES;
				GCC_WARN_ABOUT_RETURN_TYPE = YES_ERROR;
				GCC_WARN_UNDECLARED_SELECTOR = YES;
				GCC_WARN_UNINITIALIZED_AUTOS = YES_AGGRESSIVE;
				GCC_WARN_UNUSED_FUNCTION = YES;
				GCC_WARN_UNUSED_VARIABLE = YES;
				IPHONEOS_DEPLOYMENT_TARGET = 17.0;
				LOCALIZATION_PREFERS_STRING_CATALOGS = YES;
				MTL_ENABLE_DEBUG_INFO = NO;
				MTL_FAST_MATH = YES;
				SDKROOT = iphoneos;
				SWIFT_COMPILATION_MODE = wholemodule;
				VALIDATE_PRODUCT = YES;
			};
			name = Release;
		};
		FEA1A34B2B90513900CE3BDD /* Debug */ = {
			isa = XCBuildConfiguration;
			buildSettings = {
				ASSETCATALOG_COMPILER_APPICON_NAME = AppIcon;
				ASSETCATALOG_COMPILER_GLOBAL_ACCENT_COLOR_NAME = AccentColor;
				CODE_SIGN_STYLE = Automatic;
				CURRENT_PROJECT_VERSION = 1;
				DEVELOPMENT_TEAM = 9L2J37V6PK;
				GENERATE_INFOPLIST_FILE = YES;
				INFOPLIST_FILE = CoreAnimationEx/Info.plist;
				INFOPLIST_KEY_UIApplicationSupportsIndirectInputEvents = YES;
				INFOPLIST_KEY_UILaunchStoryboardName = LaunchScreen;
				INFOPLIST_KEY_UISupportedInterfaceOrientations_iPad = "UIInterfaceOrientationPortrait UIInterfaceOrientationPortraitUpsideDown UIInterfaceOrientationLandscapeLeft UIInterfaceOrientationLandscapeRight";
				INFOPLIST_KEY_UISupportedInterfaceOrientations_iPhone = "UIInterfaceOrientationPortrait UIInterfaceOrientationLandscapeLeft UIInterfaceOrientationLandscapeRight";
				LD_RUNPATH_SEARCH_PATHS = (
					"$(inherited)",
					"@executable_path/Frameworks",
				);
				MARKETING_VERSION = 1.0;
				PRODUCT_BUNDLE_IDENTIFIER = jung.CoreAnimationEx;
				PRODUCT_NAME = "$(TARGET_NAME)";
				SWIFT_EMIT_LOC_STRINGS = YES;
				SWIFT_VERSION = 5.0;
				TARGETED_DEVICE_FAMILY = "1,2";
			};
			name = Debug;
		};
		FEA1A34C2B90513900CE3BDD /* Release */ = {
			isa = XCBuildConfiguration;
			buildSettings = {
				ASSETCATALOG_COMPILER_APPICON_NAME = AppIcon;
				ASSETCATALOG_COMPILER_GLOBAL_ACCENT_COLOR_NAME = AccentColor;
				CODE_SIGN_STYLE = Automatic;
				CURRENT_PROJECT_VERSION = 1;
				DEVELOPMENT_TEAM = 9L2J37V6PK;
				GENERATE_INFOPLIST_FILE = YES;
				INFOPLIST_FILE = CoreAnimationEx/Info.plist;
				INFOPLIST_KEY_UIApplicationSupportsIndirectInputEvents = YES;
				INFOPLIST_KEY_UILaunchStoryboardName = LaunchScreen;
				INFOPLIST_KEY_UISupportedInterfaceOrientations_iPad = "UIInterfaceOrientationPortrait UIInterfaceOrientationPortraitUpsideDown UIInterfaceOrientationLandscapeLeft UIInterfaceOrientationLandscapeRight";
				INFOPLIST_KEY_UISupportedInterfaceOrientations_iPhone = "UIInterfaceOrientationPortrait UIInterfaceOrientationLandscapeLeft UIInterfaceOrientationLandscapeRight";
				LD_RUNPATH_SEARCH_PATHS = (
					"$(inherited)",
					"@executable_path/Frameworks",
				);
				MARKETING_VERSION = 1.0;
				PRODUCT_BUNDLE_IDENTIFIER = jung.CoreAnimationEx;
				PRODUCT_NAME = "$(TARGET_NAME)";
				SWIFT_EMIT_LOC_STRINGS = YES;
				SWIFT_VERSION = 5.0;
				TARGETED_DEVICE_FAMILY = "1,2";
			};
			name = Release;
		};
/* End XCBuildConfiguration section */

/* Begin XCConfigurationList section */
		FEA1A3312B90513700CE3BDD /* Build configuration list for PBXProject "CoreAnimationEx" */ = {
			isa = XCConfigurationList;
			buildConfigurations = (
				FEA1A3482B90513900CE3BDD /* Debug */,
				FEA1A3492B90513900CE3BDD /* Release */,
			);
			defaultConfigurationIsVisible = 0;
			defaultConfigurationName = Release;
		};
		FEA1A34A2B90513900CE3BDD /* Build configuration list for PBXNativeTarget "CoreAnimationEx" */ = {
			isa = XCConfigurationList;
			buildConfigurations = (
				FEA1A34B2B90513900CE3BDD /* Debug */,
				FEA1A34C2B90513900CE3BDD /* Release */,
			);
			defaultConfigurationIsVisible = 0;
			defaultConfigurationName = Release;
		};
/* End XCConfigurationList section */

/* Begin XCRemoteSwiftPackageReference section */
		FEA1A34D2B90935100CE3BDD /* XCRemoteSwiftPackageReference "SnapKit" */ = {
			isa = XCRemoteSwiftPackageReference;
			repositoryURL = "https://github.com/SnapKit/SnapKit.git";
			requirement = {
				kind = upToNextMajorVersion;
				minimumVersion = 5.7.1;
			};
		};
/* End XCRemoteSwiftPackageReference section */

/* Begin XCSwiftPackageProductDependency section */
		FEA1A34E2B90935100CE3BDD /* SnapKit */ = {
			isa = XCSwiftPackageProductDependency;
			package = FEA1A34D2B90935100CE3BDD /* XCRemoteSwiftPackageReference "SnapKit" */;
			productName = SnapKit;
		};
/* End XCSwiftPackageProductDependency section */
	};
	rootObject = FEA1A32E2B90513700CE3BDD /* Project object */;
}
